# @generated - this file is auto-generated by `mise lock` https://mise.en.dev/dev-tools/mise-lock.html

[[tools."aqua:JohnnyMorganz/StyLua"]]
version = "2.4.1"
backend = "aqua:JohnnyMorganz/StyLua"

[tools."aqua:JohnnyMorganz/StyLua"."platforms.linux-arm64"]
checksum = "sha256:ce8363cf77fb88f31e5cd8fe4cd8a61ff63ac0483bc5e38a1e24c5a894f04035"
url = "https://github.com/JohnnyMorganz/StyLua/releases/download/v2.4.1/stylua-linux-aarch64.zip"

[tools."aqua:JohnnyMorganz/StyLua"."platforms.linux-arm64-musl"]
checksum = "sha256:f007809cb4d2b3c23abfecc061a276a19e4f74484239d1ed297be8eb6a11a86f"
url = "https://github.com/JohnnyMorganz/StyLua/releases/download/v2.4.1/stylua-linux-aarch64-musl.zip"

[tools."aqua:JohnnyMorganz/StyLua"."platforms.linux-x64"]
checksum = "sha256:cb9280d967a3f83e443b354a6497b562de4acc1daccf4456df0f7232653d3843"
url = "https://github.com/JohnnyMorganz/StyLua/releases/download/v2.4.1/stylua-linux-x86_64-musl.zip"

[tools."aqua:JohnnyMorganz/StyLua"."platforms.linux-x64-musl"]
checksum = "sha256:cb9280d967a3f83e443b354a6497b562de4acc1daccf4456df0f7232653d3843"
url = "https://github.com/JohnnyMorganz/StyLua/releases/download/v2.4.1/stylua-linux-x86_64-musl.zip"

[tools."aqua:JohnnyMorganz/StyLua"."platforms.macos-arm64"]
checksum = "sha256:c1680c337c8d799b4226a10e8ac6744606fd00b01eb3046120b5226e31306809"
url = "https://github.com/JohnnyMorganz/StyLua/releases/download/v2.4.1/stylua-macos-aarch64.zip"

[tools."aqua:JohnnyMorganz/StyLua"."platforms.macos-x64"]
checksum = "sha256:985dc2c791ef5f0bfbaea99f18b01322613f5c6985979a8346c346a341043331"
url = "https://github.com/JohnnyMorganz/StyLua/releases/download/v2.4.1/stylua-macos-x86_64.zip"

[tools."aqua:JohnnyMorganz/StyLua"."platforms.windows-x64"]
checksum = "sha256:9b1627b6034aa7ea0ce80485d2a07e777447548839a40acda6e30824a2bba07a"
url = "https://github.com/JohnnyMorganz/StyLua/releases/download/v2.4.1/stylua-windows-x86_64.zip"

[[tools."aqua:Kampfkarren/selene"]]
version = "0.30.1"
backend = "aqua:Kampfkarren/selene"

[tools."aqua:Kampfkarren/selene"."platforms.linux-x64"]
checksum = "sha256:c8c0f2102cb37e5e3ee2c984b51946b8ea8cf7804b5ea067afdb42fd2b95ff6e"
url = "https://github.com/Kampfkarren/selene/releases/download/0.30.1/selene-0.30.1-linux.zip"

[tools."aqua:Kampfkarren/selene"."platforms.linux-x64-musl"]
checksum = "sha256:c8c0f2102cb37e5e3ee2c984b51946b8ea8cf7804b5ea067afdb42fd2b95ff6e"
url = "https://github.com/Kampfkarren/selene/releases/download/0.30.1/selene-0.30.1-linux.zip"

[tools."aqua:Kampfkarren/selene"."platforms.macos-arm64"]
checksum = "sha256:4858f5f732491680d361744977d7ef3e30c09f1bd454cb6e1e337c9c58fbbd94"
url = "https://github.com/Kampfkarren/selene/releases/download/0.30.1/selene-0.30.1-macos.zip"

[tools."aqua:Kampfkarren/selene"."platforms.macos-x64"]
checksum = "sha256:4858f5f732491680d361744977d7ef3e30c09f1bd454cb6e1e337c9c58fbbd94"
url = "https://github.com/Kampfkarren/selene/releases/download/0.30.1/selene-0.30.1-macos.zip"

[tools."aqua:Kampfkarren/selene"."platforms.windows-x64"]
checksum = "sha256:b55a8592ba6ffd54c88edd3396348e43d581494c2c255cd2d02c8c26b96080f4"
url = "https://github.com/Kampfkarren/selene/releases/download/0.30.1/selene-0.30.1-windows.zip"

[[tools."aqua:google/yamlfmt"]]
version = "0.21.0"
backend = "aqua:google/yamlfmt"

[[tools.hk]]
version = "1.46.0"
backend = "aqua:jdx/hk"

[[tools.pkl]]
version = "0.31.1"
backend = "aqua:apple/pkl"

[[tools.rumdl]]
version = "0.2.10"
backend = "aqua:rvben/rumdl"

[tools.rumdl."platforms.linux-arm64"]
checksum = "sha256:5f1cdbed5defdfece686794e403620655ebe1ab2d59bcf122b076fc45cdc243e"
url = "https://github.com/rvben/rumdl/releases/download/v0.2.10/rumdl-v0.2.10-aarch64-unknown-linux-musl.tar.gz"
provenance = "github-attestations"

[tools.rumdl."platforms.linux-arm64-musl"]
checksum = "sha256:5f1cdbed5defdfece686794e403620655ebe1ab2d59bcf122b076fc45cdc243e"
url = "https://github.com/rvben/rumdl/releases/download/v0.2.10/rumdl-v0.2.10-aarch64-unknown-linux-musl.tar.gz"
provenance = "github-attestations"

[tools.rumdl."platforms.linux-x64"]
checksum = "sha256:80cfd41671943115f2381a94c6fd822982b324f364beb8ccfc565540272272c4"
url = "https://github.com/rvben/rumdl/releases/download/v0.2.10/rumdl-v0.2.10-x86_64-unknown-linux-musl.tar.gz"
provenance = "github-attestations"

[tools.rumdl."platforms.linux-x64-musl"]
checksum = "sha256:80cfd41671943115f2381a94c6fd822982b324f364beb8ccfc565540272272c4"
url = "https://github.com/rvben/rumdl/releases/download/v0.2.10/rumdl-v0.2.10-x86_64-unknown-linux-musl.tar.gz"
provenance = "github-attestations"

[tools.rumdl."platforms.macos-arm64"]
checksum = "sha256:0a446ef96a326c30fe1f5e7a8dcd017356b65c0019d531f68d781bfe203fba62"
url = "https://github.com/rvben/rumdl/releases/download/v0.2.10/rumdl-v0.2.10-aarch64-apple-darwin.tar.gz"
provenance = "github-attestations"

[tools.rumdl."platforms.macos-x64"]
checksum = "sha256:ed2a45bed6801fef58f15de15ad07e3d7e4ae1968abe042e7d5e43f95ff30fed"
url = "https://github.com/rvben/rumdl/releases/download/v0.2.10/rumdl-v0.2.10-x86_64-apple-darwin.tar.gz"
provenance = "github-attestations"

[tools.rumdl."platforms.windows-x64"]
checksum = "sha256:309b5bb09a8b482994bf8eb4bc54a6b37f3cb8f3a9ceb74177c9b6feb45a3630"
url = "https://github.com/rvben/rumdl/releases/download/v0.2.10/rumdl-v0.2.10-x86_64-pc-windows-msvc.zip"
provenance = "github-attestations"

[[tools.shellcheck]]
version = "0.11.0"
backend = "aqua:koalaman/shellcheck"

[[tools.shfmt]]
version = "3.13.1"
backend = "aqua:mvdan/sh"

[[tools.taplo]]
version = "0.10.0"
backend = "aqua:tamasfe/taplo"
